
Microsoft Visual Studio Solution File, Format Version 12.00
# Visual Studio Version 17
VisualStudioVersion = 17.3.32811.315
MinimumVisualStudioVersion = 10.0.40219.1
Project("{FAE04EC0-301F-11D3-BF4B-00C04F79EFBC}") = "WindowsFormsApp1", "WindowsFormsApp1\WindowsFormsApp1.csproj", "{962BB354-48D3-4EEE-92DF-698A1EA70480}"
EndProject
Project("{FAE04EC0-301F-11D3-BF4B-00C04F79EFBC}") = "WindowsFormsApp2", "WindowsFormsApp2\WindowsFormsApp2.csproj", "{69E4D4B9-5594-46FE-BAC6-C54CF274CAFA}"
EndProject
Project("{FAE04EC0-301F-11D3-BF4B-00C04F79EFBC}") = "vs10.6.3", "vs10.6\vs10.6.3.csproj", "{4C18EEB1-DF84-41C4-A98A-762A2D5922B5}"
EndProject
Project("{FAE04EC0-301F-11D3-BF4B-00C04F79EFBC}") = "vs10.6.6", "vs10.6.4\vs10.6.6.csproj", "{D90C198A-ED46-4AA1-86CA-7F73C27286F5}"
EndProject
Global
	GlobalSection(SolutionConfigurationPlatforms) = preSolution
		Debug|Any CPU = Debug|Any CPU
		Release|Any CPU = Release|Any CPU
	EndGlobalSection
	GlobalSection(ProjectConfigurationPlatforms) = postSolution
		{962BB354-48D3-4EEE-92DF-698A1EA70480}.Debug|Any CPU.ActiveCfg = Debug|Any CPU
		{962BB354-48D3-4EEE-92DF-698A1EA70480}.Debug|Any CPU.Build.0 = Debug|Any CPU
		{962BB354-48D3-4EEE-92DF-698A1EA70480}.Release|Any CPU.ActiveCfg = Release|Any CPU
		{962BB354-48D3-4EEE-92DF-698A1EA70480}.Release|Any CPU.Build.0 = Release|Any CPU
		{69E4D4B9-5594-46FE-BAC6-C54CF274CAFA}.Debug|Any CPU.ActiveCfg = Debug|Any CPU
		{69E4D4B9-5594-46FE-BAC6-C54CF274CAFA}.Debug|Any CPU.Build.0 = Debug|Any CPU
		{69E4D4B9-5594-46FE-BAC6-C54CF274CAFA}.Release|Any CPU.ActiveCfg = Release|Any CPU
		{69E4D4B9-5594-46FE-BAC6-C54CF274CAFA}.Release|Any CPU.Build.0 = Release|Any CPU
		{4C18EEB1-DF84-41C4-A98A-762A2D5922B5}.Debug|Any CPU.ActiveCfg = Debug|Any CPU
		{4C18EEB1-DF84-41C4-A98A-762A2D5922B5}.Debug|Any CPU.Build.0 = Debug|Any CPU
		{4C18EEB1-DF84-41C4-A98A-762A2D5922B5}.Release|Any CPU.ActiveCfg = Release|Any CPU
		{4C18EEB1-DF84-41C4-A98A-762A2D5922B5}.Release|Any CPU.Build.0 = Release|Any CPU
		{D90C198A-ED46-4AA1-86CA-7F73C27286F5}.Debug|Any CPU.ActiveCfg = Debug|Any CPU
		{D90C198A-ED46-4AA1-86CA-7F73C27286F5}.Debug|Any CPU.Build.0 = Debug|Any CPU
		{D90C198A-ED46-4AA1-86CA-7F73C27286F5}.Release|Any CPU.ActiveCfg = Release|Any CPU
		{D90C198A-ED46-4AA1-86CA-7F73C27286F5}.Release|Any CPU.Build.0 = Release|Any CPU
	EndGlobalSection
	GlobalSection(SolutionProperties) = preSolution
		HideSolutionNode = FALSE
	EndGlobalSection
	GlobalSection(ExtensibilityGlobals) = postSolution
		SolutionGuid = {5BF807E8-0915-4870-BEBE-6504B1958CC1}
	EndGlobalSection
EndGlobal
